
Microsoft Visual Studio Solution File, Format Version 12.00
# Visual Studio Version 16
VisualStudioVersion = 16.0.30011.22
MinimumVisualStudioVersion = 10.0.40219.1
Project("{FAE04EC0-301F-11D3-BF4B-00C04F79EFBC}") = "DiscountCards", "DiscountCards\DiscountCards.csproj", "{C12D5795-50E5-490A-A407-A16510A82B8C}"
EndProject
Global
	GlobalSection(SolutionConfigurationPlatforms) = preSolution
		Debug|Any CPU = Debug|Any CPU
		Release|Any CPU = Release|Any CPU
	EndGlobalSection
	GlobalSection(ProjectConfigurationPlatforms) = postSolution
		{C12D5795-50E5-490A-A407-A16510A82B8C}.Debug|Any CPU.ActiveCfg = Debug|Any CPU
		{C12D5795-50E5-490A-A407-A16510A82B8C}.Debug|Any CPU.Build.0 = Debug|Any CPU
		{C12D5795-50E5-490A-A407-A16510A82B8C}.Release|Any CPU.ActiveCfg = Release|Any CPU
		{C12D5795-50E5-490A-A407-A16510A82B8C}.Release|Any CPU.Build.0 = Release|Any CPU
	EndGlobalSection
	GlobalSection(SolutionProperties) = preSolution
		HideSolutionNode = FALSE
	EndGlobalSection
	GlobalSection(ExtensibilityGlobals) = postSolution
		SolutionGuid = {2F57DAF2-4FE3-4F2F-8F53-6838AF504DEE}
	EndGlobalSection
EndGlobal
